
Microsoft Visual Studio Solution File, Format Version 12.00
# Visual Studio Version 16
VisualStudioVersion = 16.0.31702.278
MinimumVisualStudioVersion = 10.0.40219.1
Project("{9A19103F-16F7-4668-BE54-9A1E7A4F7556}") = "Entities", "Entities\Entities.csproj", "{0CE732D5-4377-4DC3-8F13-5E9453605B9B}"
EndProject
Project("{9A19103F-16F7-4668-BE54-9A1E7A4F7556}") = "DataAccess", "DataAccess\DataAccess.csproj", "{FC54E5E4-0126-4552-9ADA-013AFFBA6D74}"
EndProject
Project("{9A19103F-16F7-4668-BE54-9A1E7A4F7556}") = "Business", "Business\Business.csproj", "{9DDD97EE-2CC1-4EB0-9469-4293B0E29D73}"
EndProject
Project("{9A19103F-16F7-4668-BE54-9A1E7A4F7556}") = "API", "API\API.csproj", "{D6BF63DC-9E68-40AF-9E28-E4CCC5BB4C56}"
EndProject
Project("{9A19103F-16F7-4668-BE54-9A1E7A4F7556}") = "Core", "Core\Core.csproj", "{7228A0D9-C87C-4A75-9CC8-A4D20C6F9625}"
EndProject
Project("{9A19103F-16F7-4668-BE54-9A1E7A4F7556}") = "ConsoleApp1", "ConsoleApp1\ConsoleApp1.csproj", "{67B11D52-2D7D-4DF4-9F72-13C21EF8FA23}"
EndProject
Project("{9A19103F-16F7-4668-BE54-9A1E7A4F7556}") = "Turnike-Console", "ConsoleApp2\Turnike-Console.csproj", "{8B548DD9-51D0-49F8-A72F-90BFA6C70780}"
EndProject
Project("{FAE04EC0-301F-11D3-BF4B-00C04F79EFBC}") = "Turnike", "Turnike\Turnike.csproj", "{4CE010AE-D430-40DA-A719-570FD8A329FD}"
EndProject
Global
	GlobalSection(SolutionConfigurationPlatforms) = preSolution
		Debug|Any CPU = Debug|Any CPU
		Release|Any CPU = Release|Any CPU
	EndGlobalSection
	GlobalSection(ProjectConfigurationPlatforms) = postSolution
		{0CE732D5-4377-4DC3-8F13-5E9453605B9B}.Debug|Any CPU.ActiveCfg = Debug|Any CPU
		{0CE732D5-4377-4DC3-8F13-5E9453605B9B}.Debug|Any CPU.Build.0 = Debug|Any CPU
		{0CE732D5-4377-4DC3-8F13-5E9453605B9B}.Release|Any CPU.ActiveCfg = Release|Any CPU
		{0CE732D5-4377-4DC3-8F13-5E9453605B9B}.Release|Any CPU.Build.0 = Release|Any CPU
		{FC54E5E4-0126-4552-9ADA-013AFFBA6D74}.Debug|Any CPU.ActiveCfg = Debug|Any CPU
		{FC54E5E4-0126-4552-9ADA-013AFFBA6D74}.Debug|Any CPU.Build.0 = Debug|Any CPU
		{FC54E5E4-0126-4552-9ADA-013AFFBA6D74}.Release|Any CPU.ActiveCfg = Release|Any CPU
		{FC54E5E4-0126-4552-9ADA-013AFFBA6D74}.Release|Any CPU.Build.0 = Release|Any CPU
		{9DDD97EE-2CC1-4EB0-9469-4293B0E29D73}.Debug|Any CPU.ActiveCfg = Debug|Any CPU
		{9DDD97EE-2CC1-4EB0-9469-4293B0E29D73}.Debug|Any CPU.Build.0 = Debug|Any CPU
		{9DDD97EE-2CC1-4EB0-9469-4293B0E29D73}.Release|Any CPU.ActiveCfg = Release|Any CPU
		{9DDD97EE-2CC1-4EB0-9469-4293B0E29D73}.Release|Any CPU.Build.0 = Release|Any CPU
		{D6BF63DC-9E68-40AF-9E28-E4CCC5BB4C56}.Debug|Any CPU.ActiveCfg = Debug|Any CPU
		{D6BF63DC-9E68-40AF-9E28-E4CCC5BB4C56}.Debug|Any CPU.Build.0 = Debug|Any CPU
		{D6BF63DC-9E68-40AF-9E28-E4CCC5BB4C56}.Release|Any CPU.ActiveCfg = Release|Any CPU
		{D6BF63DC-9E68-40AF-9E28-E4CCC5BB4C56}.Release|Any CPU.Build.0 = Release|Any CPU
		{7228A0D9-C87C-4A75-9CC8-A4D20C6F9625}.Debug|Any CPU.ActiveCfg = Debug|Any CPU
		{7228A0D9-C87C-4A75-9CC8-A4D20C6F9625}.Debug|Any CPU.Build.0 = Debug|Any CPU
		{7228A0D9-C87C-4A75-9CC8-A4D20C6F9625}.Release|Any CPU.ActiveCfg = Release|Any CPU
		{7228A0D9-C87C-4A75-9CC8-A4D20C6F9625}.Release|Any CPU.Build.0 = Release|Any CPU
		{67B11D52-2D7D-4DF4-9F72-13C21EF8FA23}.Debug|Any CPU.ActiveCfg = Debug|Any CPU
		{67B11D52-2D7D-4DF4-9F72-13C21EF8FA23}.Debug|Any CPU.Build.0 = Debug|Any CPU
		{67B11D52-2D7D-4DF4-9F72-13C21EF8FA23}.Release|Any CPU.ActiveCfg = Release|Any CPU
		{67B11D52-2D7D-4DF4-9F72-13C21EF8FA23}.Release|Any CPU.Build.0 = Release|Any CPU
		{8B548DD9-51D0-49F8-A72F-90BFA6C70780}.Debug|Any CPU.ActiveCfg = Debug|Any CPU
		{8B548DD9-51D0-49F8-A72F-90BFA6C70780}.Debug|Any CPU.Build.0 = Debug|Any CPU
		{8B548DD9-51D0-49F8-A72F-90BFA6C70780}.Release|Any CPU.ActiveCfg = Release|Any CPU
		{8B548DD9-51D0-49F8-A72F-90BFA6C70780}.Release|Any CPU.Build.0 = Release|Any CPU
		{4CE010AE-D430-40DA-A719-570FD8A329FD}.Debug|Any CPU.ActiveCfg = Debug|Any CPU
		{4CE010AE-D430-40DA-A719-570FD8A329FD}.Debug|Any CPU.Build.0 = Debug|Any CPU
		{4CE010AE-D430-40DA-A719-570FD8A329FD}.Release|Any CPU.ActiveCfg = Release|Any CPU
		{4CE010AE-D430-40DA-A719-570FD8A329FD}.Release|Any CPU.Build.0 = Release|Any CPU
	EndGlobalSection
	GlobalSection(SolutionProperties) = preSolution
		HideSolutionNode = FALSE
	EndGlobalSection
	GlobalSection(ExtensibilityGlobals) = postSolution
		SolutionGuid = {1AF79AE6-D829-4709-B335-200E3444CDD0}
	EndGlobalSection
EndGlobal
